
Microsoft Visual Studio Solution File, Format Version 12.00
# Visual Studio Version 16
VisualStudioVersion = 16.0.28922.388
MinimumVisualStudioVersion = 10.0.40219.1
Project("{8BC9CEB8-8B4A-11D0-8D11-00A0C91BC942}") = "EX1", "EX1\EX1.vcxproj", "{A2102906-5B67-4A09-9B97-64F44E3F393E}"
EndProject
Project("{8BC9CEB8-8B4A-11D0-8D11-00A0C91BC942}") = "EX2", "EX2\EX2.vcxproj", "{712FEECF-8086-4A84-B854-577967B346DC}"
EndProject
Project("{8BC9CEB8-8B4A-11D0-8D11-00A0C91BC942}") = "EX3", "EX3\EX3.vcxproj", "{56E229AC-D582-49BB-AAC7-E8798B88202F}"
EndProject
Project("{8BC9CEB8-8B4A-11D0-8D11-00A0C91BC942}") = "EX4", "EX4\EX4.vcxproj", "{4E87BAF2-76CF-49D2-8999-E162DA40E3E3}"
EndProject
Project("{8BC9CEB8-8B4A-11D0-8D11-00A0C91BC942}") = "EX5", "EX5\EX5.vcxproj", "{1B3743A2-99DC-4A33-9D99-73C5C3BA99EE}"
EndProject
Project("{8BC9CEB8-8B4A-11D0-8D11-00A0C91BC942}") = "EX6", "EX6\EX6.vcxproj", "{90000AC9-6BB0-4A95-8510-29A78DC7EB0C}"
EndProject
Project("{8BC9CEB8-8B4A-11D0-8D11-00A0C91BC942}") = "EX7", "EX7\EX7.vcxproj", "{DA6CAEDA-51CE-4C3D-A6AE-FB7FD324D039}"
EndProject
Project("{8BC9CEB8-8B4A-11D0-8D11-00A0C91BC942}") = "EX8", "EX8\EX8.vcxproj", "{474AB6EA-E998-4AD7-B559-8CC9A324AFED}"
EndProject
Project("{8BC9CEB8-8B4A-11D0-8D11-00A0C91BC942}") = "EX9-1", "EX9-1\EX9-1.vcxproj", "{9B34B683-01F5-4A9A-A4CE-E0786474B880}"
EndProject
Project("{8BC9CEB8-8B4A-11D0-8D11-00A0C91BC942}") = "EX9-2", "EX9-2\EX9-2.vcxproj", "{A931AB5F-1DF8-40B0-B055-EF408B309B5A}"
EndProject
Global
	GlobalSection(SolutionConfigurationPlatforms) = preSolution
		Debug|x64 = Debug|x64
		Debug|x86 = Debug|x86
		Release|x64 = Release|x64
		Release|x86 = Release|x86
	EndGlobalSection
	GlobalSection(ProjectConfigurationPlatforms) = postSolution
		{A2102906-5B67-4A09-9B97-64F44E3F393E}.Debug|x64.ActiveCfg = Debug|x64
		{A2102906-5B67-4A09-9B97-64F44E3F393E}.Debug|x64.Build.0 = Debug|x64
		{A2102906-5B67-4A09-9B97-64F44E3F393E}.Debug|x86.ActiveCfg = Debug|Win32
		{A2102906-5B67-4A09-9B97-64F44E3F393E}.Debug|x86.Build.0 = Debug|Win32
		{A2102906-5B67-4A09-9B97-64F44E3F393E}.Release|x64.ActiveCfg = Release|x64
		{A2102906-5B67-4A09-9B97-64F44E3F393E}.Release|x64.Build.0 = Release|x64
		{A2102906-5B67-4A09-9B97-64F44E3F393E}.Release|x86.ActiveCfg = Release|Win32
		{A2102906-5B67-4A09-9B97-64F44E3F393E}.Release|x86.Build.0 = Release|Win32
		{712FEECF-8086-4A84-B854-577967B346DC}.Debug|x64.ActiveCfg = Debug|x64
		{712FEECF-8086-4A84-B854-577967B346DC}.Debug|x64.Build.0 = Debug|x64
		{712FEECF-8086-4A84-B854-577967B346DC}.Debug|x86.ActiveCfg = Debug|Win32
		{712FEECF-8086-4A84-B854-577967B346DC}.Debug|x86.Build.0 = Debug|Win32
		{712FEECF-8086-4A84-B854-577967B346DC}.Release|x64.ActiveCfg = Release|x64
		{712FEECF-8086-4A84-B854-577967B346DC}.Release|x64.Build.0 = Release|x64
		{712FEECF-8086-4A84-B854-577967B346DC}.Release|x86.ActiveCfg = Release|Win32
		{712FEECF-8086-4A84-B854-577967B346DC}.Release|x86.Build.0 = Release|Win32
		{56E229AC-D582-49BB-AAC7-E8798B88202F}.Debug|x64.ActiveCfg = Debug|x64
		{56E229AC-D582-49BB-AAC7-E8798B88202F}.Debug|x64.Build.0 = Debug|x64
		{56E229AC-D582-49BB-AAC7-E8798B88202F}.Debug|x86.ActiveCfg = Debug|Win32
		{56E229AC-D582-49BB-AAC7-E8798B88202F}.Debug|x86.Build.0 = Debug|Win32
		{56E229AC-D582-49BB-AAC7-E8798B88202F}.Release|x64.ActiveCfg = Release|x64
		{56E229AC-D582-49BB-AAC7-E8798B88202F}.Release|x64.Build.0 = Release|x64
		{56E229AC-D582-49BB-AAC7-E8798B88202F}.Release|x86.ActiveCfg = Release|Win32
		{56E229AC-D582-49BB-AAC7-E8798B88202F}.Release|x86.Build.0 = Release|Win32
		{4E87BAF2-76CF-49D2-8999-E162DA40E3E3}.Debug|x64.ActiveCfg = Debug|x64
		{4E87BAF2-76CF-49D2-8999-E162DA40E3E3}.Debug|x64.Build.0 = Debug|x64
		{4E87BAF2-76CF-49D2-8999-E162DA40E3E3}.Debug|x86.ActiveCfg = Debug|Win32
		{4E87BAF2-76CF-49D2-8999-E162DA40E3E3}.Debug|x86.Build.0 = Debug|Win32
		{4E87BAF2-76CF-49D2-8999-E162DA40E3E3}.Release|x64.ActiveCfg = Release|x64
		{4E87BAF2-76CF-49D2-8999-E162DA40E3E3}.Release|x64.Build.0 = Release|x64
		{4E87BAF2-76CF-49D2-8999-E162DA40E3E3}.Release|x86.ActiveCfg = Release|Win32
		{4E87BAF2-76CF-49D2-8999-E162DA40E3E3}.Release|x86.Build.0 = Release|Win32
		{1B3743A2-99DC-4A33-9D99-73C5C3BA99EE}.Debug|x64.ActiveCfg = Debug|x64
		{1B3743A2-99DC-4A33-9D99-73C5C3BA99EE}.Debug|x64.Build.0 = Debug|x64
		{1B3743A2-99DC-4A33-9D99-73C5C3BA99EE}.Debug|x86.ActiveCfg = Debug|Win32
		{1B3743A2-99DC-4A33-9D99-73C5C3BA99EE}.Debug|x86.Build.0 = Debug|Win32
		{1B3743A2-99DC-4A33-9D99-73C5C3BA99EE}.Release|x64.ActiveCfg = Release|x64
		{1B3743A2-99DC-4A33-9D99-73C5C3BA99EE}.Release|x64.Build.0 = Release|x64
		{1B3743A2-99DC-4A33-9D99-73C5C3BA99EE}.Release|x86.ActiveCfg = Release|Win32
		{1B3743A2-99DC-4A33-9D99-73C5C3BA99EE}.Release|x86.Build.0 = Release|Win32
		{90000AC9-6BB0-4A95-8510-29A78DC7EB0C}.Debug|x64.ActiveCfg = Debug|x64
		{90000AC9-6BB0-4A95-8510-29A78DC7EB0C}.Debug|x64.Build.0 = Debug|x64
		{90000AC9-6BB0-4A95-8510-29A78DC7EB0C}.Debug|x86.ActiveCfg = Debug|Win32
		{90000AC9-6BB0-4A95-8510-29A78DC7EB0C}.Debug|x86.Build.0 = Debug|Win32
		{90000AC9-6BB0-4A95-8510-29A78DC7EB0C}.Release|x64.ActiveCfg = Release|x64
		{90000AC9-6BB0-4A95-8510-29A78DC7EB0C}.Release|x64.Build.0 = Release|x64
		{90000AC9-6BB0-4A95-8510-29A78DC7EB0C}.Release|x86.ActiveCfg = Release|Win32
		{90000AC9-6BB0-4A95-8510-29A78DC7EB0C}.Release|x86.Build.0 = Release|Win32
		{DA6CAEDA-51CE-4C3D-A6AE-FB7FD324D039}.Debug|x64.ActiveCfg = Debug|x64
		{DA6CAEDA-51CE-4C3D-A6AE-FB7FD324D039}.Debug|x64.Build.0 = Debug|x64
		{DA6CAEDA-51CE-4C3D-A6AE-FB7FD324D039}.Debug|x86.ActiveCfg = Debug|Win32
		{DA6CAEDA-51CE-4C3D-A6AE-FB7FD324D039}.Debug|x86.Build.0 = Debug|Win32
		{DA6CAEDA-51CE-4C3D-A6AE-FB7FD324D039}.Release|x64.ActiveCfg = Release|x64
		{DA6CAEDA-51CE-4C3D-A6AE-FB7FD324D039}.Release|x64.Build.0 = Release|x64
		{DA6CAEDA-51CE-4C3D-A6AE-FB7FD324D039}.Release|x86.ActiveCfg = Release|Win32
		{DA6CAEDA-51CE-4C3D-A6AE-FB7FD324D039}.Release|x86.Build.0 = Release|Win32
		{474AB6EA-E998-4AD7-B559-8CC9A324AFED}.Debug|x64.ActiveCfg = Debug|x64
		{474AB6EA-E998-4AD7-B559-8CC9A324AFED}.Debug|x64.Build.0 = Debug|x64
		{474AB6EA-E998-4AD7-B559-8CC9A324AFED}.Debug|x86.ActiveCfg = Debug|Win32
		{474AB6EA-E998-4AD7-B559-8CC9A324AFED}.Debug|x86.Build.0 = Debug|Win32
		{474AB6EA-E998-4AD7-B559-8CC9A324AFED}.Release|x64.ActiveCfg = Release|x64
		{474AB6EA-E998-4AD7-B559-8CC9A324AFED}.Release|x64.Build.0 = Release|x64
		{474AB6EA-E998-4AD7-B559-8CC9A324AFED}.Release|x86.ActiveCfg = Release|Win32
		{474AB6EA-E998-4AD7-B559-8CC9A324AFED}.Release|x86.Build.0 = Release|Win32
		{9B34B683-01F5-4A9A-A4CE-E0786474B880}.Debug|x64.ActiveCfg = Debug|x64
		{9B34B683-01F5-4A9A-A4CE-E0786474B880}.Debug|x64.Build.0 = Debug|x64
		{9B34B683-01F5-4A9A-A4CE-E0786474B880}.Debug|x86.ActiveCfg = Debug|Win32
		{9B34B683-01F5-4A9A-A4CE-E0786474B880}.Debug|x86.Build.0 = Debug|Win32
		{9B34B683-01F5-4A9A-A4CE-E0786474B880}.Release|x64.ActiveCfg = Release|x64
		{9B34B683-01F5-4A9A-A4CE-E0786474B880}.Release|x64.Build.0 = Release|x64
		{9B34B683-01F5-4A9A-A4CE-E0786474B880}.Release|x86.ActiveCfg = Release|Win32
		{9B34B683-01F5-4A9A-A4CE-E0786474B880}.Release|x86.Build.0 = Release|Win32
		{A931AB5F-1DF8-40B0-B055-EF408B309B5A}.Debug|x64.ActiveCfg = Debug|x64
		{A931AB5F-1DF8-40B0-B055-EF408B309B5A}.Debug|x64.Build.0 = Debug|x64
		{A931AB5F-1DF8-40B0-B055-EF408B309B5A}.Debug|x86.ActiveCfg = Debug|Win32
		{A931AB5F-1DF8-40B0-B055-EF408B309B5A}.Debug|x86.Build.0 = Debug|Win32
		{A931AB5F-1DF8-40B0-B055-EF408B309B5A}.Release|x64.ActiveCfg = Release|x64
		{A931AB5F-1DF8-40B0-B055-EF408B309B5A}.Release|x64.Build.0 = Release|x64
		{A931AB5F-1DF8-40B0-B055-EF408B309B5A}.Release|x86.ActiveCfg = Release|Win32
		{A931AB5F-1DF8-40B0-B055-EF408B309B5A}.Release|x86.Build.0 = Release|Win32
	EndGlobalSection
	GlobalSection(SolutionProperties) = preSolution
		HideSolutionNode = FALSE
	EndGlobalSection
	GlobalSection(ExtensibilityGlobals) = postSolution
		SolutionGuid = {1ADE6734-D283-4B4D-920C-6C4195C6A857}
	EndGlobalSection
EndGlobal
