
Microsoft Visual Studio Solution File, Format Version 12.00
# Visual Studio Version 16
VisualStudioVersion = 16.0.28803.452
MinimumVisualStudioVersion = 10.0.40219.1
Project("{8BC9CEB8-8B4A-11D0-8D11-00A0C91BC942}") = "EX1", "EX1\EX1.vcxproj", "{FA0659F9-FBC9-420B-8E1C-B5DD99EFE1B6}"
EndProject
Project("{8BC9CEB8-8B4A-11D0-8D11-00A0C91BC942}") = "EX2", "EX2\EX2.vcxproj", "{A1C40D38-FF72-48E9-BCA1-1E555227798E}"
EndProject
Project("{8BC9CEB8-8B4A-11D0-8D11-00A0C91BC942}") = "EX5", "EX5\EX5.vcxproj", "{330D6C7E-72E7-45CF-95AE-052851FDA889}"
EndProject
Project("{8BC9CEB8-8B4A-11D0-8D11-00A0C91BC942}") = "EX3_1", "EX3_1\EX3_1.vcxproj", "{2EC18BD4-06FE-47B8-A012-DCCA19E31AD6}"
EndProject
Project("{8BC9CEB8-8B4A-11D0-8D11-00A0C91BC942}") = "EX3_2", "EX3_2\EX3_2.vcxproj", "{02BCF208-A8E6-4115-AB1D-AECE41493D96}"
EndProject
Project("{8BC9CEB8-8B4A-11D0-8D11-00A0C91BC942}") = "EX3_3", "EX3_3\EX3_3.vcxproj", "{F22B4A18-47A3-4F55-882B-0A9AACC64870}"
EndProject
Project("{8BC9CEB8-8B4A-11D0-8D11-00A0C91BC942}") = "EX4", "EX4\EX4.vcxproj", "{3CAA5F12-D86E-469E-A904-68093900E9CA}"
EndProject
Global
	GlobalSection(SolutionConfigurationPlatforms) = preSolution
		Debug|x64 = Debug|x64
		Debug|x86 = Debug|x86
		Release|x64 = Release|x64
		Release|x86 = Release|x86
	EndGlobalSection
	GlobalSection(ProjectConfigurationPlatforms) = postSolution
		{FA0659F9-FBC9-420B-8E1C-B5DD99EFE1B6}.Debug|x64.ActiveCfg = Debug|x64
		{FA0659F9-FBC9-420B-8E1C-B5DD99EFE1B6}.Debug|x64.Build.0 = Debug|x64
		{FA0659F9-FBC9-420B-8E1C-B5DD99EFE1B6}.Debug|x86.ActiveCfg = Debug|Win32
		{FA0659F9-FBC9-420B-8E1C-B5DD99EFE1B6}.Debug|x86.Build.0 = Debug|Win32
		{FA0659F9-FBC9-420B-8E1C-B5DD99EFE1B6}.Release|x64.ActiveCfg = Release|x64
		{FA0659F9-FBC9-420B-8E1C-B5DD99EFE1B6}.Release|x64.Build.0 = Release|x64
		{FA0659F9-FBC9-420B-8E1C-B5DD99EFE1B6}.Release|x86.ActiveCfg = Release|Win32
		{FA0659F9-FBC9-420B-8E1C-B5DD99EFE1B6}.Release|x86.Build.0 = Release|Win32
		{A1C40D38-FF72-48E9-BCA1-1E555227798E}.Debug|x64.ActiveCfg = Debug|x64
		{A1C40D38-FF72-48E9-BCA1-1E555227798E}.Debug|x64.Build.0 = Debug|x64
		{A1C40D38-FF72-48E9-BCA1-1E555227798E}.Debug|x86.ActiveCfg = Debug|Win32
		{A1C40D38-FF72-48E9-BCA1-1E555227798E}.Debug|x86.Build.0 = Debug|Win32
		{A1C40D38-FF72-48E9-BCA1-1E555227798E}.Release|x64.ActiveCfg = Release|x64
		{A1C40D38-FF72-48E9-BCA1-1E555227798E}.Release|x64.Build.0 = Release|x64
		{A1C40D38-FF72-48E9-BCA1-1E555227798E}.Release|x86.ActiveCfg = Release|Win32
		{A1C40D38-FF72-48E9-BCA1-1E555227798E}.Release|x86.Build.0 = Release|Win32
		{330D6C7E-72E7-45CF-95AE-052851FDA889}.Debug|x64.ActiveCfg = Debug|x64
		{330D6C7E-72E7-45CF-95AE-052851FDA889}.Debug|x64.Build.0 = Debug|x64
		{330D6C7E-72E7-45CF-95AE-052851FDA889}.Debug|x86.ActiveCfg = Debug|Win32
		{330D6C7E-72E7-45CF-95AE-052851FDA889}.Debug|x86.Build.0 = Debug|Win32
		{330D6C7E-72E7-45CF-95AE-052851FDA889}.Release|x64.ActiveCfg = Release|x64
		{330D6C7E-72E7-45CF-95AE-052851FDA889}.Release|x64.Build.0 = Release|x64
		{330D6C7E-72E7-45CF-95AE-052851FDA889}.Release|x86.ActiveCfg = Release|Win32
		{330D6C7E-72E7-45CF-95AE-052851FDA889}.Release|x86.Build.0 = Release|Win32
		{2EC18BD4-06FE-47B8-A012-DCCA19E31AD6}.Debug|x64.ActiveCfg = Debug|x64
		{2EC18BD4-06FE-47B8-A012-DCCA19E31AD6}.Debug|x64.Build.0 = Debug|x64
		{2EC18BD4-06FE-47B8-A012-DCCA19E31AD6}.Debug|x86.ActiveCfg = Debug|Win32
		{2EC18BD4-06FE-47B8-A012-DCCA19E31AD6}.Debug|x86.Build.0 = Debug|Win32
		{2EC18BD4-06FE-47B8-A012-DCCA19E31AD6}.Release|x64.ActiveCfg = Release|x64
		{2EC18BD4-06FE-47B8-A012-DCCA19E31AD6}.Release|x64.Build.0 = Release|x64
		{2EC18BD4-06FE-47B8-A012-DCCA19E31AD6}.Release|x86.ActiveCfg = Release|Win32
		{2EC18BD4-06FE-47B8-A012-DCCA19E31AD6}.Release|x86.Build.0 = Release|Win32
		{02BCF208-A8E6-4115-AB1D-AECE41493D96}.Debug|x64.ActiveCfg = Debug|x64
		{02BCF208-A8E6-4115-AB1D-AECE41493D96}.Debug|x64.Build.0 = Debug|x64
		{02BCF208-A8E6-4115-AB1D-AECE41493D96}.Debug|x86.ActiveCfg = Debug|Win32
		{02BCF208-A8E6-4115-AB1D-AECE41493D96}.Debug|x86.Build.0 = Debug|Win32
		{02BCF208-A8E6-4115-AB1D-AECE41493D96}.Release|x64.ActiveCfg = Release|x64
		{02BCF208-A8E6-4115-AB1D-AECE41493D96}.Release|x64.Build.0 = Release|x64
		{02BCF208-A8E6-4115-AB1D-AECE41493D96}.Release|x86.ActiveCfg = Release|Win32
		{02BCF208-A8E6-4115-AB1D-AECE41493D96}.Release|x86.Build.0 = Release|Win32
		{F22B4A18-47A3-4F55-882B-0A9AACC64870}.Debug|x64.ActiveCfg = Debug|x64
		{F22B4A18-47A3-4F55-882B-0A9AACC64870}.Debug|x64.Build.0 = Debug|x64
		{F22B4A18-47A3-4F55-882B-0A9AACC64870}.Debug|x86.ActiveCfg = Debug|Win32
		{F22B4A18-47A3-4F55-882B-0A9AACC64870}.Debug|x86.Build.0 = Debug|Win32
		{F22B4A18-47A3-4F55-882B-0A9AACC64870}.Release|x64.ActiveCfg = Release|x64
		{F22B4A18-47A3-4F55-882B-0A9AACC64870}.Release|x64.Build.0 = Release|x64
		{F22B4A18-47A3-4F55-882B-0A9AACC64870}.Release|x86.ActiveCfg = Release|Win32
		{F22B4A18-47A3-4F55-882B-0A9AACC64870}.Release|x86.Build.0 = Release|Win32
		{3CAA5F12-D86E-469E-A904-68093900E9CA}.Debug|x64.ActiveCfg = Debug|x64
		{3CAA5F12-D86E-469E-A904-68093900E9CA}.Debug|x64.Build.0 = Debug|x64
		{3CAA5F12-D86E-469E-A904-68093900E9CA}.Debug|x86.ActiveCfg = Debug|Win32
		{3CAA5F12-D86E-469E-A904-68093900E9CA}.Debug|x86.Build.0 = Debug|Win32
		{3CAA5F12-D86E-469E-A904-68093900E9CA}.Release|x64.ActiveCfg = Release|x64
		{3CAA5F12-D86E-469E-A904-68093900E9CA}.Release|x64.Build.0 = Release|x64
		{3CAA5F12-D86E-469E-A904-68093900E9CA}.Release|x86.ActiveCfg = Release|Win32
		{3CAA5F12-D86E-469E-A904-68093900E9CA}.Release|x86.Build.0 = Release|Win32
	EndGlobalSection
	GlobalSection(SolutionProperties) = preSolution
		HideSolutionNode = FALSE
	EndGlobalSection
	GlobalSection(ExtensibilityGlobals) = postSolution
		SolutionGuid = {7E9EE7C8-D4E7-4E57-9C1C-2D5274BFB90F}
	EndGlobalSection
EndGlobal
