
Microsoft Visual Studio Solution File, Format Version 12.00
# Visual Studio Version 16
VisualStudioVersion = 16.0.28803.156
MinimumVisualStudioVersion = 10.0.40219.1
Project("{8BC9CEB8-8B4A-11D0-8D11-00A0C91BC942}") = "EX1", "EX1\EX1.vcxproj", "{4EA43EA3-3137-46F6-BCE9-95CB03EC03D2}"
EndProject
Project("{8BC9CEB8-8B4A-11D0-8D11-00A0C91BC942}") = "EX2", "EX2\EX2.vcxproj", "{F1DA16A5-621E-4755-A7AF-390067C301A9}"
EndProject
Project("{8BC9CEB8-8B4A-11D0-8D11-00A0C91BC942}") = "EX3", "EX3\EX3.vcxproj", "{82F7567A-3BBD-470C-B74C-246434E7FA47}"
EndProject
Project("{8BC9CEB8-8B4A-11D0-8D11-00A0C91BC942}") = "EX4", "EX4\EX4.vcxproj", "{C1404EBE-C625-4C58-B6FC-2627AA40FC05}"
EndProject
Project("{8BC9CEB8-8B4A-11D0-8D11-00A0C91BC942}") = "EX5", "EX5\EX5.vcxproj", "{889DD232-7C14-4651-B629-06EB8752D809}"
EndProject
Project("{8BC9CEB8-8B4A-11D0-8D11-00A0C91BC942}") = "EX6", "EX6\EX6.vcxproj", "{36A81889-A18E-41F7-921D-BC9F432951D3}"
EndProject
Project("{8BC9CEB8-8B4A-11D0-8D11-00A0C91BC942}") = "EX7", "EX7\EX7.vcxproj", "{72AF460C-E77A-474B-AA29-BD8561D33849}"
EndProject
Project("{8BC9CEB8-8B4A-11D0-8D11-00A0C91BC942}") = "EX8", "EX8\EX8.vcxproj", "{6737FFDD-BF98-4C7D-B67B-F76C73384F47}"
EndProject
Project("{8BC9CEB8-8B4A-11D0-8D11-00A0C91BC942}") = "EX9", "EX9\EX9.vcxproj", "{E025749F-0CE8-4A31-B291-CADF3EC8942C}"
EndProject
Project("{8BC9CEB8-8B4A-11D0-8D11-00A0C91BC942}") = "EX10", "EX10\EX10.vcxproj", "{B07DFC5D-66D2-42D1-A578-44DA26370DE0}"
EndProject
Project("{8BC9CEB8-8B4A-11D0-8D11-00A0C91BC942}") = "EX12", "EX12\EX12.vcxproj", "{58C260F0-BE22-404F-8274-A888020CACF9}"
EndProject
Project("{8BC9CEB8-8B4A-11D0-8D11-00A0C91BC942}") = "EX14", "EX14\EX14.vcxproj", "{66AF2572-7A9A-4F5B-8152-6F0BB5FA444C}"
EndProject
Project("{8BC9CEB8-8B4A-11D0-8D11-00A0C91BC942}") = "EX11", "EX11\EX11.vcxproj", "{C25482D7-AEAB-491A-BE62-25EF07883468}"
EndProject
Project("{8BC9CEB8-8B4A-11D0-8D11-00A0C91BC942}") = "EX15", "EX15\EX15.vcxproj", "{7E7601DD-73F2-42E6-862D-370E77334A71}"
EndProject
Project("{8BC9CEB8-8B4A-11D0-8D11-00A0C91BC942}") = "Tests", "Tests\Tests.vcxproj", "{80C38F7C-5F5E-44FE-A0E6-AAE3157B898D}"
EndProject
Project("{8BC9CEB8-8B4A-11D0-8D11-00A0C91BC942}") = "Tests 2", "Tests 2\Tests 2.vcxproj", "{60110E3E-DE98-4F33-99E7-C77857A2774A}"
EndProject
Project("{8BC9CEB8-8B4A-11D0-8D11-00A0C91BC942}") = "EX13_1a", "EX13_1a\EX13_1a.vcxproj", "{1F600D3D-8A56-43F0-A730-4AB44B969654}"
EndProject
Project("{8BC9CEB8-8B4A-11D0-8D11-00A0C91BC942}") = "EX13_1b", "EX13_1b\EX13_1b.vcxproj", "{AFAF0439-9D74-4919-BE72-F170E0ACDA2B}"
EndProject
Project("{8BC9CEB8-8B4A-11D0-8D11-00A0C91BC942}") = "EX13_2", "EX13_2\EX13_2.vcxproj", "{F8C5F6E5-2E0D-4118-8A18-51E336E346A8}"
EndProject
Global
	GlobalSection(SolutionConfigurationPlatforms) = preSolution
		Debug|x64 = Debug|x64
		Debug|x86 = Debug|x86
		Release|x64 = Release|x64
		Release|x86 = Release|x86
	EndGlobalSection
	GlobalSection(ProjectConfigurationPlatforms) = postSolution
		{4EA43EA3-3137-46F6-BCE9-95CB03EC03D2}.Debug|x64.ActiveCfg = Debug|x64
		{4EA43EA3-3137-46F6-BCE9-95CB03EC03D2}.Debug|x64.Build.0 = Debug|x64
		{4EA43EA3-3137-46F6-BCE9-95CB03EC03D2}.Debug|x86.ActiveCfg = Debug|Win32
		{4EA43EA3-3137-46F6-BCE9-95CB03EC03D2}.Debug|x86.Build.0 = Debug|Win32
		{4EA43EA3-3137-46F6-BCE9-95CB03EC03D2}.Release|x64.ActiveCfg = Release|x64
		{4EA43EA3-3137-46F6-BCE9-95CB03EC03D2}.Release|x64.Build.0 = Release|x64
		{4EA43EA3-3137-46F6-BCE9-95CB03EC03D2}.Release|x86.ActiveCfg = Release|Win32
		{4EA43EA3-3137-46F6-BCE9-95CB03EC03D2}.Release|x86.Build.0 = Release|Win32
		{F1DA16A5-621E-4755-A7AF-390067C301A9}.Debug|x64.ActiveCfg = Debug|x64
		{F1DA16A5-621E-4755-A7AF-390067C301A9}.Debug|x64.Build.0 = Debug|x64
		{F1DA16A5-621E-4755-A7AF-390067C301A9}.Debug|x86.ActiveCfg = Debug|Win32
		{F1DA16A5-621E-4755-A7AF-390067C301A9}.Debug|x86.Build.0 = Debug|Win32
		{F1DA16A5-621E-4755-A7AF-390067C301A9}.Release|x64.ActiveCfg = Release|x64
		{F1DA16A5-621E-4755-A7AF-390067C301A9}.Release|x64.Build.0 = Release|x64
		{F1DA16A5-621E-4755-A7AF-390067C301A9}.Release|x86.ActiveCfg = Release|Win32
		{F1DA16A5-621E-4755-A7AF-390067C301A9}.Release|x86.Build.0 = Release|Win32
		{82F7567A-3BBD-470C-B74C-246434E7FA47}.Debug|x64.ActiveCfg = Debug|x64
		{82F7567A-3BBD-470C-B74C-246434E7FA47}.Debug|x64.Build.0 = Debug|x64
		{82F7567A-3BBD-470C-B74C-246434E7FA47}.Debug|x86.ActiveCfg = Debug|Win32
		{82F7567A-3BBD-470C-B74C-246434E7FA47}.Debug|x86.Build.0 = Debug|Win32
		{82F7567A-3BBD-470C-B74C-246434E7FA47}.Release|x64.ActiveCfg = Release|x64
		{82F7567A-3BBD-470C-B74C-246434E7FA47}.Release|x64.Build.0 = Release|x64
		{82F7567A-3BBD-470C-B74C-246434E7FA47}.Release|x86.ActiveCfg = Release|Win32
		{82F7567A-3BBD-470C-B74C-246434E7FA47}.Release|x86.Build.0 = Release|Win32
		{C1404EBE-C625-4C58-B6FC-2627AA40FC05}.Debug|x64.ActiveCfg = Debug|x64
		{C1404EBE-C625-4C58-B6FC-2627AA40FC05}.Debug|x64.Build.0 = Debug|x64
		{C1404EBE-C625-4C58-B6FC-2627AA40FC05}.Debug|x86.ActiveCfg = Debug|Win32
		{C1404EBE-C625-4C58-B6FC-2627AA40FC05}.Debug|x86.Build.0 = Debug|Win32
		{C1404EBE-C625-4C58-B6FC-2627AA40FC05}.Release|x64.ActiveCfg = Release|x64
		{C1404EBE-C625-4C58-B6FC-2627AA40FC05}.Release|x64.Build.0 = Release|x64
		{C1404EBE-C625-4C58-B6FC-2627AA40FC05}.Release|x86.ActiveCfg = Release|Win32
		{C1404EBE-C625-4C58-B6FC-2627AA40FC05}.Release|x86.Build.0 = Release|Win32
		{889DD232-7C14-4651-B629-06EB8752D809}.Debug|x64.ActiveCfg = Debug|x64
		{889DD232-7C14-4651-B629-06EB8752D809}.Debug|x64.Build.0 = Debug|x64
		{889DD232-7C14-4651-B629-06EB8752D809}.Debug|x86.ActiveCfg = Debug|Win32
		{889DD232-7C14-4651-B629-06EB8752D809}.Debug|x86.Build.0 = Debug|Win32
		{889DD232-7C14-4651-B629-06EB8752D809}.Release|x64.ActiveCfg = Release|x64
		{889DD232-7C14-4651-B629-06EB8752D809}.Release|x64.Build.0 = Release|x64
		{889DD232-7C14-4651-B629-06EB8752D809}.Release|x86.ActiveCfg = Release|Win32
		{889DD232-7C14-4651-B629-06EB8752D809}.Release|x86.Build.0 = Release|Win32
		{36A81889-A18E-41F7-921D-BC9F432951D3}.Debug|x64.ActiveCfg = Debug|x64
		{36A81889-A18E-41F7-921D-BC9F432951D3}.Debug|x64.Build.0 = Debug|x64
		{36A81889-A18E-41F7-921D-BC9F432951D3}.Debug|x86.ActiveCfg = Debug|Win32
		{36A81889-A18E-41F7-921D-BC9F432951D3}.Debug|x86.Build.0 = Debug|Win32
		{36A81889-A18E-41F7-921D-BC9F432951D3}.Release|x64.ActiveCfg = Release|x64
		{36A81889-A18E-41F7-921D-BC9F432951D3}.Release|x64.Build.0 = Release|x64
		{36A81889-A18E-41F7-921D-BC9F432951D3}.Release|x86.ActiveCfg = Release|Win32
		{36A81889-A18E-41F7-921D-BC9F432951D3}.Release|x86.Build.0 = Release|Win32
		{72AF460C-E77A-474B-AA29-BD8561D33849}.Debug|x64.ActiveCfg = Debug|x64
		{72AF460C-E77A-474B-AA29-BD8561D33849}.Debug|x64.Build.0 = Debug|x64
		{72AF460C-E77A-474B-AA29-BD8561D33849}.Debug|x86.ActiveCfg = Debug|Win32
		{72AF460C-E77A-474B-AA29-BD8561D33849}.Debug|x86.Build.0 = Debug|Win32
		{72AF460C-E77A-474B-AA29-BD8561D33849}.Release|x64.ActiveCfg = Release|x64
		{72AF460C-E77A-474B-AA29-BD8561D33849}.Release|x64.Build.0 = Release|x64
		{72AF460C-E77A-474B-AA29-BD8561D33849}.Release|x86.ActiveCfg = Release|Win32
		{72AF460C-E77A-474B-AA29-BD8561D33849}.Release|x86.Build.0 = Release|Win32
		{6737FFDD-BF98-4C7D-B67B-F76C73384F47}.Debug|x64.ActiveCfg = Debug|x64
		{6737FFDD-BF98-4C7D-B67B-F76C73384F47}.Debug|x64.Build.0 = Debug|x64
		{6737FFDD-BF98-4C7D-B67B-F76C73384F47}.Debug|x86.ActiveCfg = Debug|Win32
		{6737FFDD-BF98-4C7D-B67B-F76C73384F47}.Debug|x86.Build.0 = Debug|Win32
		{6737FFDD-BF98-4C7D-B67B-F76C73384F47}.Release|x64.ActiveCfg = Release|x64
		{6737FFDD-BF98-4C7D-B67B-F76C73384F47}.Release|x64.Build.0 = Release|x64
		{6737FFDD-BF98-4C7D-B67B-F76C73384F47}.Release|x86.ActiveCfg = Release|Win32
		{6737FFDD-BF98-4C7D-B67B-F76C73384F47}.Release|x86.Build.0 = Release|Win32
		{E025749F-0CE8-4A31-B291-CADF3EC8942C}.Debug|x64.ActiveCfg = Debug|x64
		{E025749F-0CE8-4A31-B291-CADF3EC8942C}.Debug|x64.Build.0 = Debug|x64
		{E025749F-0CE8-4A31-B291-CADF3EC8942C}.Debug|x86.ActiveCfg = Debug|Win32
		{E025749F-0CE8-4A31-B291-CADF3EC8942C}.Debug|x86.Build.0 = Debug|Win32
		{E025749F-0CE8-4A31-B291-CADF3EC8942C}.Release|x64.ActiveCfg = Release|x64
		{E025749F-0CE8-4A31-B291-CADF3EC8942C}.Release|x64.Build.0 = Release|x64
		{E025749F-0CE8-4A31-B291-CADF3EC8942C}.Release|x86.ActiveCfg = Release|Win32
		{E025749F-0CE8-4A31-B291-CADF3EC8942C}.Release|x86.Build.0 = Release|Win32
		{B07DFC5D-66D2-42D1-A578-44DA26370DE0}.Debug|x64.ActiveCfg = Debug|x64
		{B07DFC5D-66D2-42D1-A578-44DA26370DE0}.Debug|x64.Build.0 = Debug|x64
		{B07DFC5D-66D2-42D1-A578-44DA26370DE0}.Debug|x86.ActiveCfg = Debug|Win32
		{B07DFC5D-66D2-42D1-A578-44DA26370DE0}.Debug|x86.Build.0 = Debug|Win32
		{B07DFC5D-66D2-42D1-A578-44DA26370DE0}.Release|x64.ActiveCfg = Release|x64
		{B07DFC5D-66D2-42D1-A578-44DA26370DE0}.Release|x64.Build.0 = Release|x64
		{B07DFC5D-66D2-42D1-A578-44DA26370DE0}.Release|x86.ActiveCfg = Release|Win32
		{B07DFC5D-66D2-42D1-A578-44DA26370DE0}.Release|x86.Build.0 = Release|Win32
		{58C260F0-BE22-404F-8274-A888020CACF9}.Debug|x64.ActiveCfg = Debug|x64
		{58C260F0-BE22-404F-8274-A888020CACF9}.Debug|x64.Build.0 = Debug|x64
		{58C260F0-BE22-404F-8274-A888020CACF9}.Debug|x86.ActiveCfg = Debug|Win32
		{58C260F0-BE22-404F-8274-A888020CACF9}.Debug|x86.Build.0 = Debug|Win32
		{58C260F0-BE22-404F-8274-A888020CACF9}.Release|x64.ActiveCfg = Release|x64
		{58C260F0-BE22-404F-8274-A888020CACF9}.Release|x64.Build.0 = Release|x64
		{58C260F0-BE22-404F-8274-A888020CACF9}.Release|x86.ActiveCfg = Release|Win32
		{58C260F0-BE22-404F-8274-A888020CACF9}.Release|x86.Build.0 = Release|Win32
		{66AF2572-7A9A-4F5B-8152-6F0BB5FA444C}.Debug|x64.ActiveCfg = Debug|x64
		{66AF2572-7A9A-4F5B-8152-6F0BB5FA444C}.Debug|x64.Build.0 = Debug|x64
		{66AF2572-7A9A-4F5B-8152-6F0BB5FA444C}.Debug|x86.ActiveCfg = Debug|Win32
		{66AF2572-7A9A-4F5B-8152-6F0BB5FA444C}.Debug|x86.Build.0 = Debug|Win32
		{66AF2572-7A9A-4F5B-8152-6F0BB5FA444C}.Release|x64.ActiveCfg = Release|x64
		{66AF2572-7A9A-4F5B-8152-6F0BB5FA444C}.Release|x64.Build.0 = Release|x64
		{66AF2572-7A9A-4F5B-8152-6F0BB5FA444C}.Release|x86.ActiveCfg = Release|Win32
		{66AF2572-7A9A-4F5B-8152-6F0BB5FA444C}.Release|x86.Build.0 = Release|Win32
		{C25482D7-AEAB-491A-BE62-25EF07883468}.Debug|x64.ActiveCfg = Debug|x64
		{C25482D7-AEAB-491A-BE62-25EF07883468}.Debug|x64.Build.0 = Debug|x64
		{C25482D7-AEAB-491A-BE62-25EF07883468}.Debug|x86.ActiveCfg = Debug|Win32
		{C25482D7-AEAB-491A-BE62-25EF07883468}.Debug|x86.Build.0 = Debug|Win32
		{C25482D7-AEAB-491A-BE62-25EF07883468}.Release|x64.ActiveCfg = Release|x64
		{C25482D7-AEAB-491A-BE62-25EF07883468}.Release|x64.Build.0 = Release|x64
		{C25482D7-AEAB-491A-BE62-25EF07883468}.Release|x86.ActiveCfg = Release|Win32
		{C25482D7-AEAB-491A-BE62-25EF07883468}.Release|x86.Build.0 = Release|Win32
		{7E7601DD-73F2-42E6-862D-370E77334A71}.Debug|x64.ActiveCfg = Debug|x64
		{7E7601DD-73F2-42E6-862D-370E77334A71}.Debug|x64.Build.0 = Debug|x64
		{7E7601DD-73F2-42E6-862D-370E77334A71}.Debug|x86.ActiveCfg = Debug|Win32
		{7E7601DD-73F2-42E6-862D-370E77334A71}.Debug|x86.Build.0 = Debug|Win32
		{7E7601DD-73F2-42E6-862D-370E77334A71}.Release|x64.ActiveCfg = Release|x64
		{7E7601DD-73F2-42E6-862D-370E77334A71}.Release|x64.Build.0 = Release|x64
		{7E7601DD-73F2-42E6-862D-370E77334A71}.Release|x86.ActiveCfg = Release|Win32
		{7E7601DD-73F2-42E6-862D-370E77334A71}.Release|x86.Build.0 = Release|Win32
		{80C38F7C-5F5E-44FE-A0E6-AAE3157B898D}.Debug|x64.ActiveCfg = Debug|x64
		{80C38F7C-5F5E-44FE-A0E6-AAE3157B898D}.Debug|x64.Build.0 = Debug|x64
		{80C38F7C-5F5E-44FE-A0E6-AAE3157B898D}.Debug|x86.ActiveCfg = Debug|Win32
		{80C38F7C-5F5E-44FE-A0E6-AAE3157B898D}.Debug|x86.Build.0 = Debug|Win32
		{80C38F7C-5F5E-44FE-A0E6-AAE3157B898D}.Release|x64.ActiveCfg = Release|x64
		{80C38F7C-5F5E-44FE-A0E6-AAE3157B898D}.Release|x64.Build.0 = Release|x64
		{80C38F7C-5F5E-44FE-A0E6-AAE3157B898D}.Release|x86.ActiveCfg = Release|Win32
		{80C38F7C-5F5E-44FE-A0E6-AAE3157B898D}.Release|x86.Build.0 = Release|Win32
		{60110E3E-DE98-4F33-99E7-C77857A2774A}.Debug|x64.ActiveCfg = Debug|x64
		{60110E3E-DE98-4F33-99E7-C77857A2774A}.Debug|x64.Build.0 = Debug|x64
		{60110E3E-DE98-4F33-99E7-C77857A2774A}.Debug|x86.ActiveCfg = Debug|Win32
		{60110E3E-DE98-4F33-99E7-C77857A2774A}.Debug|x86.Build.0 = Debug|Win32
		{60110E3E-DE98-4F33-99E7-C77857A2774A}.Release|x64.ActiveCfg = Release|x64
		{60110E3E-DE98-4F33-99E7-C77857A2774A}.Release|x64.Build.0 = Release|x64
		{60110E3E-DE98-4F33-99E7-C77857A2774A}.Release|x86.ActiveCfg = Release|Win32
		{60110E3E-DE98-4F33-99E7-C77857A2774A}.Release|x86.Build.0 = Release|Win32
		{1F600D3D-8A56-43F0-A730-4AB44B969654}.Debug|x64.ActiveCfg = Debug|x64
		{1F600D3D-8A56-43F0-A730-4AB44B969654}.Debug|x64.Build.0 = Debug|x64
		{1F600D3D-8A56-43F0-A730-4AB44B969654}.Debug|x86.ActiveCfg = Debug|Win32
		{1F600D3D-8A56-43F0-A730-4AB44B969654}.Debug|x86.Build.0 = Debug|Win32
		{1F600D3D-8A56-43F0-A730-4AB44B969654}.Release|x64.ActiveCfg = Release|x64
		{1F600D3D-8A56-43F0-A730-4AB44B969654}.Release|x64.Build.0 = Release|x64
		{1F600D3D-8A56-43F0-A730-4AB44B969654}.Release|x86.ActiveCfg = Release|Win32
		{1F600D3D-8A56-43F0-A730-4AB44B969654}.Release|x86.Build.0 = Release|Win32
		{AFAF0439-9D74-4919-BE72-F170E0ACDA2B}.Debug|x64.ActiveCfg = Debug|x64
		{AFAF0439-9D74-4919-BE72-F170E0ACDA2B}.Debug|x64.Build.0 = Debug|x64
		{AFAF0439-9D74-4919-BE72-F170E0ACDA2B}.Debug|x86.ActiveCfg = Debug|Win32
		{AFAF0439-9D74-4919-BE72-F170E0ACDA2B}.Debug|x86.Build.0 = Debug|Win32
		{AFAF0439-9D74-4919-BE72-F170E0ACDA2B}.Release|x64.ActiveCfg = Release|x64
		{AFAF0439-9D74-4919-BE72-F170E0ACDA2B}.Release|x64.Build.0 = Release|x64
		{AFAF0439-9D74-4919-BE72-F170E0ACDA2B}.Release|x86.ActiveCfg = Release|Win32
		{AFAF0439-9D74-4919-BE72-F170E0ACDA2B}.Release|x86.Build.0 = Release|Win32
		{F8C5F6E5-2E0D-4118-8A18-51E336E346A8}.Debug|x64.ActiveCfg = Debug|x64
		{F8C5F6E5-2E0D-4118-8A18-51E336E346A8}.Debug|x64.Build.0 = Debug|x64
		{F8C5F6E5-2E0D-4118-8A18-51E336E346A8}.Debug|x86.ActiveCfg = Debug|Win32
		{F8C5F6E5-2E0D-4118-8A18-51E336E346A8}.Debug|x86.Build.0 = Debug|Win32
		{F8C5F6E5-2E0D-4118-8A18-51E336E346A8}.Release|x64.ActiveCfg = Release|x64
		{F8C5F6E5-2E0D-4118-8A18-51E336E346A8}.Release|x64.Build.0 = Release|x64
		{F8C5F6E5-2E0D-4118-8A18-51E336E346A8}.Release|x86.ActiveCfg = Release|Win32
		{F8C5F6E5-2E0D-4118-8A18-51E336E346A8}.Release|x86.Build.0 = Release|Win32
	EndGlobalSection
	GlobalSection(SolutionProperties) = preSolution
		HideSolutionNode = FALSE
	EndGlobalSection
	GlobalSection(ExtensibilityGlobals) = postSolution
		SolutionGuid = {A27C96A8-6F2B-4097-9324-F43099395B61}
	EndGlobalSection
EndGlobal
